
Microsoft Visual Studio Solution File, Format Version 12.00
# Visual Studio 15
VisualStudioVersion = 15.0.28307.136
MinimumVisualStudioVersion = 10.0.40219.1
Project("{FAE04EC0-301F-11D3-BF4B-00C04F79EFBC}") = "KangelasProjekt", "KangelasProjekt\KangelasProjekt.csproj", "{645BBC35-FA20-4447-B6E7-980EE8DC5BBF}"
EndProject
Global
	GlobalSection(SolutionConfigurationPlatforms) = preSolution
		Debug|Any CPU = Debug|Any CPU
		Release|Any CPU = Release|Any CPU
	EndGlobalSection
	GlobalSection(ProjectConfigurationPlatforms) = postSolution
		{645BBC35-FA20-4447-B6E7-980EE8DC5BBF}.Debug|Any CPU.ActiveCfg = Debug|Any CPU
		{645BBC35-FA20-4447-B6E7-980EE8DC5BBF}.Debug|Any CPU.Build.0 = Debug|Any CPU
		{645BBC35-FA20-4447-B6E7-980EE8DC5BBF}.Release|Any CPU.ActiveCfg = Release|Any CPU
		{645BBC35-FA20-4447-B6E7-980EE8DC5BBF}.Release|Any CPU.Build.0 = Release|Any CPU
	EndGlobalSection
	GlobalSection(SolutionProperties) = preSolution
		HideSolutionNode = FALSE
	EndGlobalSection
	GlobalSection(ExtensibilityGlobals) = postSolution
		SolutionGuid = {1D5DEB8F-6793-4954-8BD2-082AB77EFA86}
	EndGlobalSection
EndGlobal
